<?xml version="1.0" encoding="utf-8"?>
<Project ToolsVersion="4.0" xmlns="http://schemas.microsoft.com/developer/msbuild/2003">
  <ItemGroup>
    <Filter Include="Source Files">
      <UniqueIdentifier>{4FC737F1-C7A5-4376-A066-2A32D752A2FF}</UniqueIdentifier>
      <Extensions>cpp;c;cc;cxx;c++;cppm;ixx;def;odl;idl;hpj;bat;asm;asmx</Extensions>
    </Filter>
    <Filter Include="Resource Files">
      <UniqueIdentifier>{67DA6AB6-F800-4c08-8B7A-83BB121AAD01}</UniqueIdentifier>
      <Extensions>rc;ico;cur;bmp;dlg;rc2;rct;bin;rgs;gif;jpg;jpeg;jpe;resx;tiff;tif;png;wav;mfcribbon-ms</Extensions>
    </Filter>
    <Filter Include="Header Files">
      <UniqueIdentifier>{93995380-89BD-4b04-88EB-625FBE52EBFB}</UniqueIdentifier>
      <Extensions>h;hh;hpp;hxx;h++;hm;inl;inc;ipp;xsd</Extensions>
    </Filter>
    <Filter Include="Header Files\bugfix">
      <UniqueIdentifier>{a12c52af-455e-4847-bfc0-ca7d1d197e68}</UniqueIdentifier>
    </Filter>
    <Filter Include="Source Files\bugfix">
      <UniqueIdentifier>{ae43c846-8983-48fe-b2be-02ec8ab426ff}</UniqueIdentifier>
    </Filter>
    <Filter Include="Header Files\extern">
      <UniqueIdentifier>{9f004d6b-6308-4a00-87b8-daaba6b1789b}</UniqueIdentifier>
    </Filter>
  </ItemGroup>
  <ItemGroup>
    <ClInclude Include="include\ExternalFunctions.h">
      <Filter>Header Files</Filter>
    </ClInclude>
    <ClInclude Include="include\bugfix\UniqueCharacterFix.h">
      <Filter>Header Files\bugfix</Filter>
    </ClInclude>
    <ClInclude Include="include\extern\TownBase.h">
      <Filter>Header Files\extern</Filter>
    </ClInclude>
    <ClInclude Include="include\extern\AppearanceManager.h">
      <Filter>Header Files\extern</Filter>
    </ClInclude>
    <ClInclude Include="include\extern\UniqueNPCManager.h">
      <Filter>Header Files\extern</Filter>
    </ClInclude>
    <ClInclude Include="include\bugfix\StatsFix.h">
      <Filter>Header Files\bugfix</Filter>
    </ClInclude>
    <ClInclude Include="include\extern\GunClass.h">
      <Filter>Header Files\extern</Filter>
    </ClInclude>
    <ClInclude Include="include\extern\FactionWarMgr.h">
      <Filter>Header Files\extern</Filter>
    </ClInclude>
    <ClInclude Include="include\extern\AreaBiomeGroup.h">
      <Filter>Header Files\extern</Filter>
    </ClInclude>
    <ClInclude Include="include\extern\RobotLimbItem.h">
      <Filter>Header Files\extern</Filter>
    </ClInclude>
    <ClInclude Include="include\extern\Blackboard.h">
      <Filter>Header Files\extern</Filter>
    </ClInclude>
    <ClInclude Include="include\bugfix\MedicalFix.h">
      <Filter>Header Files\bugfix</Filter>
    </ClInclude>
    <ClInclude Include="include\bugfix\ItemFix.h">
      <Filter>Header Files\bugfix</Filter>
    </ClInclude>
    <ClInclude Include="include\bugfix\AppearanceFix.h">
      <Filter>Header Files\bugfix</Filter>
    </ClInclude>
    <ClInclude Include="include\extern\AppearanceBase.h">
      <Filter>Header Files\extern</Filter>
    </ClInclude>
    <ClInclude Include="include\extern\PortraitManager.h">
      <Filter>Header Files\extern</Filter>
    </ClInclude>
    <ClInclude Include="include\extern\AnimationClass.h">
      <Filter>Header Files\extern</Filter>
    </ClInclude>
    <ClInclude Include="include\extern\Renderer.h">
      <Filter>Header Files\extern</Filter>
    </ClInclude>
    <ClInclude Include="include\extern\AnimsListsManager.h">
      <Filter>Header Files\extern</Filter>
    </ClInclude>
    <ClInclude Include="include\extern\UseableStuff.h">
      <Filter>Header Files\extern</Filter>
    </ClInclude>
    <ClInclude Include="include\extern\BuildingInterior.h">
      <Filter>Header Files\extern</Filter>
    </ClInclude>
    <ClInclude Include="include\extern\BlueprintItem.h">
      <Filter>Header Files\extern</Filter>
    </ClInclude>
    <ClInclude Include="include\bugfix\MiscFix.h">
      <Filter>Header Files\bugfix</Filter>
    </ClInclude>
    <ClInclude Include="include\extern\BasePopulationManager.h">
      <Filter>Header Files\extern</Filter>
    </ClInclude>
    <ClInclude Include="include\extern\Research.h">
      <Filter>Header Files\extern</Filter>
    </ClInclude>
    <ClInclude Include="include\PluginMenu.h">
      <Filter>Header Files</Filter>
    </ClInclude>
    <ClInclude Include="include\extern\OptionsWindow.h">
      <Filter>Header Files\extern</Filter>
    </ClInclude>
    <ClInclude Include="include\extern\DatapanelGUI.h">
      <Filter>Header Files\extern</Filter>
    </ClInclude>
    <ClInclude Include="include\Settings.h">
      <Filter>Header Files</Filter>
    </ClInclude>
    <ClInclude Include="include\extern\SquadManagementScreen.h">
      <Filter>Header Files\extern</Filter>
    </ClInclude>
    <ClInclude Include="include\extern\AI.h">
      <Filter>Header Files\extern</Filter>
    </ClInclude>
    <ClInclude Include="include\CharacterExtension.h">
      <Filter>Header Files</Filter>
    </ClInclude>
    <ClInclude Include="include\WarCampaignExtension.h">
      <Filter>Header Files</Filter>
    </ClInclude>
    <ClInclude Include="include\ItemFurnaceExtension.h">
      <Filter>Header Files</Filter>
    </ClInclude>
    <ClInclude Include="include\extern\StorageBuilding.h">
      <Filter>Header Files\extern</Filter>
    </ClInclude>
    <ClInclude Include="include\extern\ProductionBuilding.h">
      <Filter>Header Files\extern</Filter>
    </ClInclude>
    <ClInclude Include="include\ScytheFileExtension.h">
      <Filter>Header Files</Filter>
    </ClInclude>
    <ClInclude Include="include\RaceLimiterExtension.h">
      <Filter>Header Files</Filter>
    </ClInclude>
    <ClInclude Include="include\extern\TemporaryLimbInterface.h">
      <Filter>Header Files\extern</Filter>
    </ClInclude>
    <ClInclude Include="include\AppearanceExtension.h">
      <Filter>Header Files</Filter>
    </ClInclude>
    <ClInclude Include="include\extern\StateBroadcastData.h">
      <Filter>Header Files\extern</Filter>
    </ClInclude>
    <ClInclude Include="include\AnimationExtension.h">
      <Filter>Header Files</Filter>
    </ClInclude>
    <ClInclude Include="include\DialogueExtension.h">
      <Filter>Header Files</Filter>
    </ClInclude>
    <ClInclude Include="include\extern\FactionRelations.h">
      <Filter>Header Files\extern</Filter>
    </ClInclude>
    <ClInclude Include="include\extern\RangedCombatClass.h">
      <Filter>Header Files\extern</Filter>
    </ClInclude>
  </ItemGroup>
  <ItemGroup>
    <ClCompile Include="src\ExternalFunctions.cpp">
      <Filter>Source Files</Filter>
    </ClCompile>
    <ClCompile Include="src\dllmain.cpp">
      <Filter>Source Files</Filter>
    </ClCompile>
    <ClCompile Include="src\bugfix\UniqueCharacterFix.cpp">
      <Filter>Source Files\bugfix</Filter>
    </ClCompile>
    <ClCompile Include="src\bugfix\StatsFix.cpp">
      <Filter>Source Files\bugfix</Filter>
    </ClCompile>
    <ClCompile Include="src\bugfix\ItemFix.cpp">
      <Filter>Source Files\bugfix</Filter>
    </ClCompile>
    <ClCompile Include="src\bugfix\AppearanceFix.cpp">
      <Filter>Source Files\bugfix</Filter>
    </ClCompile>
    <ClCompile Include="src\bugfix\MedicalFix.cpp">
      <Filter>Source Files\bugfix</Filter>
    </ClCompile>
    <ClCompile Include="src\bugfix\MiscFix.cpp">
      <Filter>Source Files\bugfix</Filter>
    </ClCompile>
    <ClCompile Include="src\PluginMenu.cpp">
      <Filter>Source Files</Filter>
    </ClCompile>
    <ClCompile Include="src\Settings.cpp">
      <Filter>Source Files</Filter>
    </ClCompile>
    <ClCompile Include="src\CharacterExtension.cpp">
      <Filter>Source Files</Filter>
    </ClCompile>
    <ClCompile Include="src\WarCampaignExtension.cpp">
      <Filter>Source Files</Filter>
    </ClCompile>
    <ClCompile Include="src\ItemFurnaceExtension.cpp">
      <Filter>Source Files</Filter>
    </ClCompile>
    <ClCompile Include="src\ScytheFileExtension.cpp">
      <Filter>Source Files</Filter>
    </ClCompile>
    <ClCompile Include="src\RaceLimiterExtension.cpp">
      <Filter>Source Files</Filter>
    </ClCompile>
    <ClCompile Include="src\AppearanceExtension.cpp">
      <Filter>Source Files</Filter>
    </ClCompile>
    <ClCompile Include="src\AnimationExtension.cpp">
      <Filter>Source Files</Filter>
    </ClCompile>
    <ClCompile Include="src\DialogueExtension.cpp">
      <Filter>Source Files</Filter>
    </ClCompile>
  </ItemGroup>
</Project>