<?xml version="1.0" encoding="utf-8"?>
<Project ToolsVersion="4.0" xmlns="http://schemas.microsoft.com/developer/msbuild/2003">
  <ItemGroup>
    <Filter Include="Header Files">
      <UniqueIdentifier>{93995380-89BD-4b04-88EB-625FBE52EBFB}</UniqueIdentifier>
      <Extensions>h;hh;hpp;hxx;h++;hm;inl;inc;ipp;xsd</Extensions>
    </Filter>
    <Filter Include="Resource Files">
      <UniqueIdentifier>{67DA6AB6-F800-4c08-8B7A-83BB121AAD01}</UniqueIdentifier>
      <Extensions>rc;ico;cur;bmp;dlg;rc2;rct;bin;rgs;gif;jpg;jpeg;jpe;resx;tiff;tif;png;wav;mfcribbon-ms</Extensions>
    </Filter>
    <Filter Include="Source Files">
      <UniqueIdentifier>{4FC737F1-C7A5-4376-A066-2A32D752A2FF}</UniqueIdentifier>
      <Extensions>cpp;c;cc;cxx;c++;cppm;ixx;def;odl;idl;hpj;bat;asm;asmx</Extensions>
    </Filter>
    <Filter Include="Header Files\kep">
      <UniqueIdentifier>{8b5dfd21-8088-4b4d-ac42-60742a291304}</UniqueIdentifier>
    </Filter>
    <Filter Include="Header Files\extern">
      <UniqueIdentifier>{59176bc1-899e-4caf-b73f-8980aab40302}</UniqueIdentifier>
    </Filter>
  </ItemGroup>
  <ItemGroup>
    <ClInclude Include="include\framework.h">
      <Filter>Header Files</Filter>
    </ClInclude>
    <ClInclude Include="pch\pch.h">
      <Filter>Header Files</Filter>
    </ClInclude>
    <ClInclude Include="include\kep\common.h">
      <Filter>Header Files\kep</Filter>
    </ClInclude>
    <ClInclude Include="include\kep\config_manager.h">
      <Filter>Header Files\kep</Filter>
    </ClInclude>
    <ClInclude Include="include\kep\functions.h">
      <Filter>Header Files\kep</Filter>
    </ClInclude>
    <ClInclude Include="include\kep.h">
      <Filter>Header Files\kep</Filter>
    </ClInclude>
    <ClInclude Include="include\kep\patch_system.h">
      <Filter>Header Files\kep</Filter>
    </ClInclude>
    <ClInclude Include="include\kep\settings.h">
      <Filter>Header Files\kep</Filter>
    </ClInclude>
    <ClInclude Include="include\kep\translation.h">
      <Filter>Header Files\kep</Filter>
    </ClInclude>
    <ClInclude Include="include\kep\utility.h">
      <Filter>Header Files\kep</Filter>
    </ClInclude>
    <ClInclude Include="include\kep\version_info.h">
      <Filter>Header Files\kep</Filter>
    </ClInclude>
    <ClInclude Include="include\extern\AI.h">
      <Filter>Header Files\extern</Filter>
    </ClInclude>
    <ClInclude Include="include\extern\AnimationClass.h">
      <Filter>Header Files\extern</Filter>
    </ClInclude>
    <ClInclude Include="include\extern\AnimsListsManager.h">
      <Filter>Header Files\extern</Filter>
    </ClInclude>
    <ClInclude Include="include\extern\AppearanceBase.h">
      <Filter>Header Files\extern</Filter>
    </ClInclude>
    <ClInclude Include="include\extern\AppearanceManager.h">
      <Filter>Header Files\extern</Filter>
    </ClInclude>
    <ClInclude Include="include\extern\AreaBiomeGroup.h">
      <Filter>Header Files\extern</Filter>
    </ClInclude>
    <ClInclude Include="include\extern\BasePopulationManager.h">
      <Filter>Header Files\extern</Filter>
    </ClInclude>
    <ClInclude Include="include\extern\Blackboard.h">
      <Filter>Header Files\extern</Filter>
    </ClInclude>
    <ClInclude Include="include\extern\BlueprintItem.h">
      <Filter>Header Files\extern</Filter>
    </ClInclude>
    <ClInclude Include="include\extern\BuildingInterior.h">
      <Filter>Header Files\extern</Filter>
    </ClInclude>
    <ClInclude Include="include\extern\FactionWarMgr.h">
      <Filter>Header Files\extern</Filter>
    </ClInclude>
    <ClInclude Include="include\extern\GunClass.h">
      <Filter>Header Files\extern</Filter>
    </ClInclude>
    <ClInclude Include="include\extern\InventoryLayout.h">
      <Filter>Header Files\extern</Filter>
    </ClInclude>
    <ClInclude Include="include\extern\PortraitManager.h">
      <Filter>Header Files\extern</Filter>
    </ClInclude>
    <ClInclude Include="include\extern\ProductionBuilding.h">
      <Filter>Header Files\extern</Filter>
    </ClInclude>
    <ClInclude Include="include\extern\RangedCombatClass.h">
      <Filter>Header Files\extern</Filter>
    </ClInclude>
    <ClInclude Include="include\extern\Renderer.h">
      <Filter>Header Files\extern</Filter>
    </ClInclude>
    <ClInclude Include="include\extern\Research.h">
      <Filter>Header Files\extern</Filter>
    </ClInclude>
    <ClInclude Include="include\extern\RobotLimbItem.h">
      <Filter>Header Files\extern</Filter>
    </ClInclude>
    <ClInclude Include="include\extern\SeveredLimbItem.h">
      <Filter>Header Files\extern</Filter>
    </ClInclude>
    <ClInclude Include="include\extern\StateBroadcastData.h">
      <Filter>Header Files\extern</Filter>
    </ClInclude>
    <ClInclude Include="include\extern\TemporaryLimbInterface.h">
      <Filter>Header Files\extern</Filter>
    </ClInclude>
    <ClInclude Include="include\extern\TownBase.h">
      <Filter>Header Files\extern</Filter>
    </ClInclude>
    <ClInclude Include="include\extern\UniqueNPCManager.h">
      <Filter>Header Files\extern</Filter>
    </ClInclude>
    <ClInclude Include="include\extern\UseableStuff.h">
      <Filter>Header Files\extern</Filter>
    </ClInclude>
    <ClInclude Include="include\extern\ZoneMapContent.h">
      <Filter>Header Files\extern</Filter>
    </ClInclude>
  </ItemGroup>
  <ItemGroup>
    <ClCompile Include="src\dllmain.cpp">
      <Filter>Source Files</Filter>
    </ClCompile>
    <ClCompile Include="pch\pch.cpp">
      <Filter>Source Files</Filter>
    </ClCompile>
    <ClCompile Include="src\kep.cpp">
      <Filter>Source Files</Filter>
    </ClCompile>
    <ClCompile Include="src\config_manager.cpp">
      <Filter>Source Files</Filter>
    </ClCompile>
    <ClCompile Include="src\version_info.cpp">
      <Filter>Source Files</Filter>
    </ClCompile>
    <ClCompile Include="src\translation.cpp">
      <Filter>Source Files</Filter>
    </ClCompile>
    <ClCompile Include="src\settings.cpp">
      <Filter>Source Files</Filter>
    </ClCompile>
    <ClCompile Include="src\functions.cpp">
      <Filter>Source Files</Filter>
    </ClCompile>
    <ClCompile Include="src\patch_system.cpp">
      <Filter>Source Files</Filter>
    </ClCompile>
  </ItemGroup>
</Project>